{
  "name": "export-edge-collections",
  "version": "1.0.0",
  "lockfileVersion": 2,
  "requires": true,
  "packages": {
    "": {
      "version": "1.0.0",
      "license": "ISC",
      "dependencies": {
        "netscape-bookmarks": "^0.1.1"
      }
    },
    "node_modules/netscape-bookmarks": {
      "version": "0.1.1",
      "resolved": "https://registry.npmjs.org/netscape-bookmarks/-/netscape-bookmarks-0.1.1.tgz",
      "integrity": "sha512-fdo4cIDj0hdBouOMiedtTh/SlQ12kiDS2T5Z6Vg9qxSX7VMN1en62vROC6l2MkGzZJhp0qXqaJwDSvNXBEH/fA==",
      "engines": {
        "node": "*"
      }
    }
  },
  "dependencies": {
    "netscape-bookmarks": {
      "version": "0.1.1",
      "resolved": "https://registry.npmjs.org/netscape-bookmarks/-/netscape-bookmarks-0.1.1.tgz",
      "integrity": "sha512-fdo4cIDj0hdBouOMiedtTh/SlQ12kiDS2T5Z6Vg9qxSX7VMN1en62vROC6l2MkGzZJhp0qXqaJwDSvNXBEH/fA=="
    }
  }
}
